
Microsoft Visual Studio Solution File, Format Version 12.00
# Visual Studio Version 17
VisualStudioVersion = 17.3.32929.385
MinimumVisualStudioVersion = 10.0.40219.1
Project("{8BC9CEB8-8B4A-11D0-8D11-00A0C91BC942}") = "SolveBeakjoon", "SolveBeakjoon\SolveBeakjoon.vcxproj", "{34957832-10E6-4AB9-9C40-02052244C198}"
EndProject
Global
	GlobalSection(SolutionConfigurationPlatforms) = preSolution
		Debug|x64 = Debug|x64
		Debug|x86 = Debug|x86
		Release|x64 = Release|x64
		Release|x86 = Release|x86
	EndGlobalSection
	GlobalSection(ProjectConfigurationPlatforms) = postSolution
		{34957832-10E6-4AB9-9C40-02052244C198}.Debug|x64.ActiveCfg = Debug|x64
		{34957832-10E6-4AB9-9C40-02052244C198}.Debug|x64.Build.0 = Debug|x64
		{34957832-10E6-4AB9-9C40-02052244C198}.Debug|x86.ActiveCfg = Debug|Win32
		{34957832-10E6-4AB9-9C40-02052244C198}.Debug|x86.Build.0 = Debug|Win32
		{34957832-10E6-4AB9-9C40-02052244C198}.Release|x64.ActiveCfg = Release|x64
		{34957832-10E6-4AB9-9C40-02052244C198}.Release|x64.Build.0 = Release|x64
		{34957832-10E6-4AB9-9C40-02052244C198}.Release|x86.ActiveCfg = Release|Win32
		{34957832-10E6-4AB9-9C40-02052244C198}.Release|x86.Build.0 = Release|Win32
	EndGlobalSection
	GlobalSection(SolutionProperties) = preSolution
		HideSolutionNode = FALSE
	EndGlobalSection
	GlobalSection(ExtensibilityGlobals) = postSolution
		SolutionGuid = {8DEC02C2-3EE9-4EF3-9388-C4B68ADE5AB1}
	EndGlobalSection
EndGlobal
